<?xml version="1.0" encoding="utf-8"?>
<Project ToolsVersion="4.0" xmlns="http://schemas.microsoft.com/developer/msbuild/2003">
  <ItemGroup>
    <Filter Include="Source Files">
      <UniqueIdentifier>{BA03E055-4FA2-FCE3-8A1C-D348547D379C}</UniqueIdentifier>
    </Filter>
    <Filter Include="Source Files\DR DLL">
      <UniqueIdentifier>{324E7897-39D5-15F9-96EB-C7B47AA22444}</UniqueIdentifier>
    </Filter>
    <Filter Include="Source Files\HL2 DLL">
      <UniqueIdentifier>{3C43D38A-46AF-2183-A5E5-44383B1D2652}</UniqueIdentifier>
    </Filter>
    <Filter Include="VPC Scripts">
      <UniqueIdentifier>{A40EE377-781A-C6B9-0C7C-B3BE118D248E}</UniqueIdentifier>
    </Filter>
  </ItemGroup>
  <ItemGroup>
  </ItemGroup>
  <ItemGroup>
    <ClInclude Include="c_team_objectiveresource.h">
      <Filter>Source Files</Filter>
    </ClInclude>
    <ClInclude Include="hl2\c_basehelicopter.h">
      <Filter>Source Files\HL2 DLL</Filter>
    </ClInclude>
    <ClInclude Include="hl2\c_basehlcombatweapon.h">
      <Filter>Source Files\HL2 DLL</Filter>
    </ClInclude>
    <ClInclude Include="hl2\c_basehlplayer.h">
      <Filter>Source Files\HL2 DLL</Filter>
    </ClInclude>
    <ClInclude Include="hl2\c_corpse.h">
      <Filter>Source Files\HL2 DLL</Filter>
    </ClInclude>
    <ClInclude Include="hl2\c_hl2_playerlocaldata.h">
      <Filter>Source Files\HL2 DLL</Filter>
    </ClInclude>
    <ClInclude Include="hl2\c_prop_combine_ball.h">
      <Filter>Source Files\HL2 DLL</Filter>
    </ClInclude>
    <ClInclude Include="hl2\c_vehicle_crane.h">
      <Filter>Source Files\HL2 DLL</Filter>
    </ClInclude>
    <ClInclude Include="..\..\game\shared\hl2\citadel_effects_shared.h">
      <Filter>Source Files\HL2 DLL</Filter>
    </ClInclude>
    <ClInclude Include="hl2\clientmode_hlnormal.h">
      <Filter>Source Files\HL2 DLL</Filter>
    </ClInclude>
    <ClInclude Include="..\..\game\shared\hl2\env_headcrabcanister_shared.h">
      <Filter>Source Files\HL2 DLL</Filter>
    </ClInclude>
    <ClInclude Include="episodic\episodic_screenspaceeffects.h">
      <Filter>Source Files\HL2 DLL</Filter>
    </ClInclude>
    <ClInclude Include="..\..\game\shared\hl2\hl2_gamerules.h">
      <Filter>Source Files\HL2 DLL</Filter>
    </ClInclude>
    <ClInclude Include="..\..\game\shared\hl2\hl2_shareddefs.h">
      <Filter>Source Files\HL2 DLL</Filter>
    </ClInclude>
    <ClInclude Include="..\..\game\shared\hl2\hl_gamemovement.h">
      <Filter>Source Files\HL2 DLL</Filter>
    </ClInclude>
    <ClInclude Include="hl2\hud_radar.h">
      <Filter>Source Files\HL2 DLL</Filter>
    </ClInclude>
    <ClInclude Include="hl2\hud_suitpower.h">
      <Filter>Source Files\HL2 DLL</Filter>
    </ClInclude>
    <ClInclude Include="..\..\game\shared\episodic\npc_advisor_shared.h">
      <Filter>Source Files\HL2 DLL</Filter>
    </ClInclude>
  </ItemGroup>
  <ItemGroup>
    <ClCompile Include="c_team_objectiveresource.cpp">
      <Filter>Source Files</Filter>
    </ClCompile>
    <ClCompile Include="hud_chat.cpp">
      <Filter>Source Files</Filter>
    </ClCompile>
    <ClCompile Include="..\..\game\shared\episodic\achievements_ep1.cpp">
      <Filter>Source Files\HL2 DLL</Filter>
    </ClCompile>
    <ClCompile Include="..\..\game\shared\episodic\achievements_ep2.cpp">
      <Filter>Source Files\HL2 DLL</Filter>
    </ClCompile>
    <ClCompile Include="..\..\game\shared\episodic\achievements_epx.cpp">
      <Filter>Source Files\HL2 DLL</Filter>
    </ClCompile>
    <ClCompile Include="..\..\game\shared\hl2\basehlcombatweapon_shared.cpp">
      <Filter>Source Files\HL2 DLL</Filter>
    </ClCompile>
    <ClCompile Include="hl2\c_antlion_dust.cpp">
      <Filter>Source Files\HL2 DLL</Filter>
    </ClCompile>
    <ClCompile Include="hl2\c_ar2_explosion.cpp">
      <Filter>Source Files\HL2 DLL</Filter>
    </ClCompile>
    <ClCompile Include="hl2\c_barnacle.cpp">
      <Filter>Source Files\HL2 DLL</Filter>
    </ClCompile>
    <ClCompile Include="hl2\c_barney.cpp">
      <Filter>Source Files\HL2 DLL</Filter>
    </ClCompile>
    <ClCompile Include="hl2\c_basehelicopter.cpp">
      <Filter>Source Files\HL2 DLL</Filter>
    </ClCompile>
    <ClCompile Include="hl2\c_basehlcombatweapon.cpp">
      <Filter>Source Files\HL2 DLL</Filter>
    </ClCompile>
    <ClCompile Include="hl2\c_basehlplayer.cpp">
      <Filter>Source Files\HL2 DLL</Filter>
    </ClCompile>
    <ClCompile Include="hl2\c_citadel_effects.cpp">
      <Filter>Source Files\HL2 DLL</Filter>
    </ClCompile>
    <ClCompile Include="hl2\c_corpse.cpp">
      <Filter>Source Files\HL2 DLL</Filter>
    </ClCompile>
    <ClCompile Include="hl2\c_env_alyxtemp.cpp">
      <Filter>Source Files\HL2 DLL</Filter>
    </ClCompile>
    <ClCompile Include="hl2\c_env_headcrabcanister.cpp">
      <Filter>Source Files\HL2 DLL</Filter>
    </ClCompile>
    <ClCompile Include="hl2\c_env_starfield.cpp">
      <Filter>Source Files\HL2 DLL</Filter>
    </ClCompile>
    <ClCompile Include="hl2\c_func_tankmortar.cpp">
      <Filter>Source Files\HL2 DLL</Filter>
    </ClCompile>
    <ClCompile Include="hl2\c_hl2_playerlocaldata.cpp">
      <Filter>Source Files\HL2 DLL</Filter>
    </ClCompile>
    <ClCompile Include="hl2\c_info_teleporter_countdown.cpp">
      <Filter>Source Files\HL2 DLL</Filter>
    </ClCompile>
    <ClCompile Include="episodic\c_npc_advisor.cpp">
      <Filter>Source Files\HL2 DLL</Filter>
    </ClCompile>
    <ClCompile Include="hl2\c_npc_antlionguard.cpp">
      <Filter>Source Files\HL2 DLL</Filter>
    </ClCompile>
    <ClCompile Include="hl2\c_npc_combinegunship.cpp">
      <Filter>Source Files\HL2 DLL</Filter>
    </ClCompile>
    <ClCompile Include="hl2\c_npc_manhack.cpp">
      <Filter>Source Files\HL2 DLL</Filter>
    </ClCompile>
    <ClCompile Include="episodic\c_npc_puppet.cpp">
      <Filter>Source Files\HL2 DLL</Filter>
    </ClCompile>
    <ClCompile Include="hl2\c_npc_rollermine.cpp">
      <Filter>Source Files\HL2 DLL</Filter>
    </ClCompile>
    <ClCompile Include="hl2\c_plasma_beam_node.cpp">
      <Filter>Source Files\HL2 DLL</Filter>
    </ClCompile>
    <ClCompile Include="hl2\c_prop_combine_ball.cpp">
      <Filter>Source Files\HL2 DLL</Filter>
    </ClCompile>
    <ClCompile Include="episodic\c_prop_scalable.cpp">
      <Filter>Source Files\HL2 DLL</Filter>
    </ClCompile>
    <ClCompile Include="hl2\c_rotorwash.cpp">
      <Filter>Source Files\HL2 DLL</Filter>
    </ClCompile>
    <ClCompile Include="hl2\c_script_intro.cpp">
      <Filter>Source Files\HL2 DLL</Filter>
    </ClCompile>
    <ClCompile Include="hl2\c_strider.cpp">
      <Filter>Source Files\HL2 DLL</Filter>
    </ClCompile>
    <ClCompile Include="hl2\c_te_concussiveexplosion.cpp">
      <Filter>Source Files\HL2 DLL</Filter>
    </ClCompile>
    <ClCompile Include="hl2\c_te_flare.cpp">
      <Filter>Source Files\HL2 DLL</Filter>
    </ClCompile>
    <ClCompile Include="hl2\c_thumper_dust.cpp">
      <Filter>Source Files\HL2 DLL</Filter>
    </ClCompile>
    <ClCompile Include="hl2\c_vehicle_airboat.cpp">
      <Filter>Source Files\HL2 DLL</Filter>
    </ClCompile>
    <ClCompile Include="hl2\c_vehicle_cannon.cpp">
      <Filter>Source Files\HL2 DLL</Filter>
    </ClCompile>
    <ClCompile Include="hl2\c_vehicle_crane.cpp">
      <Filter>Source Files\HL2 DLL</Filter>
    </ClCompile>
    <ClCompile Include="episodic\c_vehicle_jeep_episodic.cpp">
      <Filter>Source Files\HL2 DLL</Filter>
    </ClCompile>
    <ClCompile Include="hl2\c_vehicle_prisoner_pod.cpp">
      <Filter>Source Files\HL2 DLL</Filter>
    </ClCompile>
    <ClCompile Include="episodic\c_vort_charge_token.cpp">
      <Filter>Source Files\HL2 DLL</Filter>
    </ClCompile>
    <ClCompile Include="hl2\c_weapon_crossbow.cpp">
      <Filter>Source Files\HL2 DLL</Filter>
    </ClCompile>
    <ClCompile Include="episodic\c_weapon_hopwire.cpp">
      <Filter>Source Files\HL2 DLL</Filter>
    </ClCompile>
    <ClCompile Include="hl2\c_weapon_physcannon.cpp">
      <Filter>Source Files\HL2 DLL</Filter>
    </ClCompile>
    <ClCompile Include="hl2\c_weapon_stunstick.cpp">
      <Filter>Source Files\HL2 DLL</Filter>
    </ClCompile>
    <ClCompile Include="hl2\clientmode_hlnormal.cpp">
      <Filter>Source Files\HL2 DLL</Filter>
    </ClCompile>
    <ClCompile Include="death.cpp">
      <Filter>Source Files\HL2 DLL</Filter>
    </ClCompile>
    <ClCompile Include="..\..\game\shared\hl2\env_headcrabcanister_shared.cpp">
      <Filter>Source Files\HL2 DLL</Filter>
    </ClCompile>
    <ClCompile Include="episodic\episodic_screenspaceeffects.cpp">
      <Filter>Source Files\HL2 DLL</Filter>
    </ClCompile>
    <ClCompile Include="episodic\flesh_internal_material_proxy.cpp">
      <Filter>Source Files\HL2 DLL</Filter>
    </ClCompile>
    <ClCompile Include="hl2\fx_antlion.cpp">
      <Filter>Source Files\HL2 DLL</Filter>
    </ClCompile>
    <ClCompile Include="hl2\fx_bugbait.cpp">
      <Filter>Source Files\HL2 DLL</Filter>
    </ClCompile>
    <ClCompile Include="hl2\fx_hl2_impacts.cpp">
      <Filter>Source Files\HL2 DLL</Filter>
    </ClCompile>
    <ClCompile Include="hl2\fx_hl2_tracers.cpp">
      <Filter>Source Files\HL2 DLL</Filter>
    </ClCompile>
    <ClCompile Include="hl2\hl2_clientmode.cpp">
      <Filter>Source Files\HL2 DLL</Filter>
    </ClCompile>
    <ClCompile Include="..\..\game\shared\hl2\hl2_gamerules.cpp">
      <Filter>Source Files\HL2 DLL</Filter>
    </ClCompile>
    <ClCompile Include="..\..\game\shared\hl2\hl2_usermessages.cpp">
      <Filter>Source Files\HL2 DLL</Filter>
    </ClCompile>
    <ClCompile Include="..\..\game\shared\hl2\hl_gamemovement.cpp">
      <Filter>Source Files\HL2 DLL</Filter>
    </ClCompile>
    <ClCompile Include="hl2\hl_in_main.cpp">
      <Filter>Source Files\HL2 DLL</Filter>
    </ClCompile>
    <ClCompile Include="hl2\hl_prediction.cpp">
      <Filter>Source Files\HL2 DLL</Filter>
    </ClCompile>
    <ClCompile Include="hl2\hud_ammo.cpp">
      <Filter>Source Files\HL2 DLL</Filter>
    </ClCompile>
    <ClCompile Include="hl2\hud_battery.cpp">
      <Filter>Source Files\HL2 DLL</Filter>
    </ClCompile>
    <ClCompile Include="hl2\hud_blood.cpp">
      <Filter>Source Files\HL2 DLL</Filter>
    </ClCompile>
    <ClCompile Include="hl2\hud_credits.cpp">
      <Filter>Source Files\HL2 DLL</Filter>
    </ClCompile>
    <ClCompile Include="hl2\hud_damageindicator.cpp">
      <Filter>Source Files\HL2 DLL</Filter>
    </ClCompile>
    <ClCompile Include="hl2\hud_flashlight.cpp">
      <Filter>Source Files\HL2 DLL</Filter>
    </ClCompile>
    <ClCompile Include="hl2\hud_health.cpp">
      <Filter>Source Files\HL2 DLL</Filter>
    </ClCompile>
    <ClCompile Include="hl2\hud_locator.cpp">
      <Filter>Source Files\HL2 DLL</Filter>
    </ClCompile>
    <ClCompile Include="hl2\hud_poisondamageindicator.cpp">
      <Filter>Source Files\HL2 DLL</Filter>
    </ClCompile>
    <ClCompile Include="hud_posture.cpp">
      <Filter>Source Files\HL2 DLL</Filter>
    </ClCompile>
    <ClCompile Include="hl2\hud_quickinfo.cpp">
      <Filter>Source Files\HL2 DLL</Filter>
    </ClCompile>
    <ClCompile Include="hl2\hud_radar.cpp">
      <Filter>Source Files\HL2 DLL</Filter>
    </ClCompile>
    <ClCompile Include="hud_squadstatus.cpp">
      <Filter>Source Files\HL2 DLL</Filter>
    </ClCompile>
    <ClCompile Include="hl2\hud_suitpower.cpp">
      <Filter>Source Files\HL2 DLL</Filter>
    </ClCompile>
    <ClCompile Include="hl2\hud_weaponselection.cpp">
      <Filter>Source Files\HL2 DLL</Filter>
    </ClCompile>
    <ClCompile Include="hl2\hud_zoom.cpp">
      <Filter>Source Files\HL2 DLL</Filter>
    </ClCompile>
    <ClCompile Include="..\..\game\shared\script_intro_shared.cpp">
      <Filter>Source Files\HL2 DLL</Filter>
    </ClCompile>
    <ClCompile Include="hl2\shieldproxy.cpp">
      <Filter>Source Files\HL2 DLL</Filter>
    </ClCompile>
    <ClCompile Include="..\..\game\shared\hl2\survival_gamerules.cpp">
      <Filter>Source Files\HL2 DLL</Filter>
    </ClCompile>
    <ClCompile Include="hl2\vgui_rootpanel_hl2.cpp">
      <Filter>Source Files\HL2 DLL</Filter>
    </ClCompile>
  </ItemGroup>
  <ItemGroup>
  </ItemGroup>
  <ItemGroup>
    <CustomBuild Include="client_dr.vpc">
      <Filter>VPC Scripts</Filter>
    </CustomBuild>
  </ItemGroup>
  <ItemGroup>
  </ItemGroup>
</Project>
