<?xml version="1.0" encoding="utf-8"?>
<Project ToolsVersion="4.0" xmlns="http://schemas.microsoft.com/developer/msbuild/2003">
  <ItemGroup>
    <Filter Include="Source Files">
      <UniqueIdentifier>{BA03E055-4FA2-FCE3-8A1C-D348547D379C}</UniqueIdentifier>
    </Filter>
    <Filter Include="Source Files\DR DLL">
      <UniqueIdentifier>{324E7897-39D5-15F9-96EB-C7B47AA22444}</UniqueIdentifier>
    </Filter>
    <Filter Include="Source Files\DR DLL\NPCS">
      <UniqueIdentifier>{603AE050-83B7-97F0-AF23-5F9282C74FD4}</UniqueIdentifier>
    </Filter>
    <Filter Include="Source Files\DR DLL\Weapons">
      <UniqueIdentifier>{CD52869A-D017-332B-9E26-ECA2DA51BFA9}</UniqueIdentifier>
    </Filter>
    <Filter Include="Source Files\HL2 DLL">
      <UniqueIdentifier>{3C43D38A-46AF-2183-A5E5-44383B1D2652}</UniqueIdentifier>
    </Filter>
    <Filter Include="Source Files\HL2 DLL\unused">
      <UniqueIdentifier>{A52C827A-EB95-73A5-F031-C0395B5E2677}</UniqueIdentifier>
    </Filter>
    <Filter Include="Source Files\Link Libraries">
      <UniqueIdentifier>{2DD1941D-D5D1-EB0F-4E97-1D2FEC6CE0E8}</UniqueIdentifier>
    </Filter>
    <Filter Include="VPC Scripts">
      <UniqueIdentifier>{A40EE377-781A-C6B9-0C7C-B3BE118D248E}</UniqueIdentifier>
    </Filter>
  </ItemGroup>
  <ItemGroup>
  </ItemGroup>
  <ItemGroup>
    <ClInclude Include="ai_eventresponse.h">
      <Filter>Source Files</Filter>
    </ClInclude>
    <ClInclude Include="grenadethrown.h">
      <Filter>Source Files</Filter>
    </ClInclude>
    <ClInclude Include="h_cycler.h">
      <Filter>Source Files</Filter>
    </ClInclude>
    <ClInclude Include="monstermaker.h">
      <Filter>Source Files</Filter>
    </ClInclude>
    <ClInclude Include="physics_bone_follower.h">
      <Filter>Source Files</Filter>
    </ClInclude>
    <ClInclude Include="..\..\game\shared\ragdoll_shared.h">
      <Filter>Source Files</Filter>
    </ClInclude>
    <ClInclude Include="..\..\game\shared\solidsetdefaults.h">
      <Filter>Source Files</Filter>
    </ClInclude>
    <ClInclude Include="team_spawnpoint.h">
      <Filter>Source Files</Filter>
    </ClInclude>
    <ClInclude Include="..\..\game\shared\touchlink.h">
      <Filter>Source Files</Filter>
    </ClInclude>
    <ClInclude Include="..\..\game\shared\vehicle_choreo_generic_shared.h">
      <Filter>Source Files</Filter>
    </ClInclude>
    <ClInclude Include="hl2\ai_behavior_actbusy.h">
      <Filter>Source Files\HL2 DLL</Filter>
    </ClInclude>
    <ClInclude Include="episodic\ai_behavior_alyx_injured.h">
      <Filter>Source Files\HL2 DLL</Filter>
    </ClInclude>
    <ClInclude Include="hl2\ai_behavior_functank.h">
      <Filter>Source Files\HL2 DLL</Filter>
    </ClInclude>
    <ClInclude Include="hl2\ai_behavior_holster.h">
      <Filter>Source Files\HL2 DLL</Filter>
    </ClInclude>
    <ClInclude Include="hl2\ai_behavior_operator.h">
      <Filter>Source Files\HL2 DLL</Filter>
    </ClInclude>
    <ClInclude Include="ai_behavior_passenger.h">
      <Filter>Source Files\HL2 DLL</Filter>
    </ClInclude>
    <ClInclude Include="episodic\ai_behavior_passenger_companion.h">
      <Filter>Source Files\HL2 DLL</Filter>
    </ClInclude>
    <ClInclude Include="episodic\ai_behavior_passenger_zombie.h">
      <Filter>Source Files\HL2 DLL</Filter>
    </ClInclude>
    <ClInclude Include="hl2\ai_behavior_police.h">
      <Filter>Source Files\HL2 DLL</Filter>
    </ClInclude>
    <ClInclude Include="hl2\ai_goal_police.h">
      <Filter>Source Files\HL2 DLL</Filter>
    </ClInclude>
    <ClInclude Include="hl2\ai_interactions.h">
      <Filter>Source Files\HL2 DLL</Filter>
    </ClInclude>
    <ClInclude Include="hl2\ai_spotlight.h">
      <Filter>Source Files\HL2 DLL</Filter>
    </ClInclude>
    <ClInclude Include="hl2\antlion_dust.h">
      <Filter>Source Files\HL2 DLL</Filter>
    </ClInclude>
    <ClInclude Include="hl2\antlion_maker.h">
      <Filter>Source Files\HL2 DLL</Filter>
    </ClInclude>
    <ClInclude Include="hl2\ar2_explosion.h">
      <Filter>Source Files\HL2 DLL</Filter>
    </ClInclude>
    <ClInclude Include="basebludgeonweapon.h">
      <Filter>Source Files\HL2 DLL</Filter>
    </ClInclude>
    <ClInclude Include="hl2\basehlcombatweapon.h">
      <Filter>Source Files\HL2 DLL</Filter>
    </ClInclude>
    <ClInclude Include="..\..\game\shared\hl2\basehlcombatweapon_shared.h">
      <Filter>Source Files\HL2 DLL</Filter>
    </ClInclude>
    <ClInclude Include="hl2\cbasehelicopter.h">
      <Filter>Source Files\HL2 DLL</Filter>
    </ClInclude>
    <ClInclude Include="hl2\cbasespriteprojectile.h">
      <Filter>Source Files\HL2 DLL</Filter>
    </ClInclude>
    <ClInclude Include="..\..\game\shared\hl2\citadel_effects_shared.h">
      <Filter>Source Files\HL2 DLL</Filter>
    </ClInclude>
    <ClInclude Include="hl2\combine_mine.h">
      <Filter>Source Files\HL2 DLL</Filter>
    </ClInclude>
    <ClInclude Include="hl2\energy_wave.h">
      <Filter>Source Files\HL2 DLL</Filter>
    </ClInclude>
    <ClInclude Include="..\..\game\shared\hl2\env_alyxemp_shared.h">
      <Filter>Source Files\HL2 DLL</Filter>
    </ClInclude>
    <ClInclude Include="..\..\game\shared\hl2\env_headcrabcanister_shared.h">
      <Filter>Source Files\HL2 DLL</Filter>
    </ClInclude>
    <ClInclude Include="episodic\ep1_gamestats.h">
      <Filter>Source Files\HL2 DLL</Filter>
    </ClInclude>
    <ClInclude Include="episodic\ep2_gamestats.h">
      <Filter>Source Files\HL2 DLL</Filter>
    </ClInclude>
    <ClInclude Include="hl2\func_bulletshield.h">
      <Filter>Source Files\HL2 DLL</Filter>
    </ClInclude>
    <ClInclude Include="hl2\func_tank.h">
      <Filter>Source Files\HL2 DLL</Filter>
    </ClInclude>
    <ClInclude Include="hl2\grenade_ar2.h">
      <Filter>Source Files\HL2 DLL</Filter>
    </ClInclude>
    <ClInclude Include="hl2\grenade_bugbait.h">
      <Filter>Source Files\HL2 DLL</Filter>
    </ClInclude>
    <ClInclude Include="hl2\grenade_frag.h">
      <Filter>Source Files\HL2 DLL</Filter>
    </ClInclude>
    <ClInclude Include="hl2\grenade_spit.h">
      <Filter>Source Files\HL2 DLL</Filter>
    </ClInclude>
    <ClInclude Include="..\..\game\shared\hl2\hl2_gamerules.h">
      <Filter>Source Files\HL2 DLL</Filter>
    </ClInclude>
    <ClInclude Include="hl2\hl2_player.h">
      <Filter>Source Files\HL2 DLL</Filter>
    </ClInclude>
    <ClInclude Include="..\..\game\shared\hl2\hl2_player_shared.h">
      <Filter>Source Files\HL2 DLL</Filter>
    </ClInclude>
    <ClInclude Include="hl2\hl2_playerlocaldata.h">
      <Filter>Source Files\HL2 DLL</Filter>
    </ClInclude>
    <ClInclude Include="..\..\game\shared\hl2\hl2_shareddefs.h">
      <Filter>Source Files\HL2 DLL</Filter>
    </ClInclude>
    <ClInclude Include="..\..\game\shared\hl2\hl_gamemovement.h">
      <Filter>Source Files\HL2 DLL</Filter>
    </ClInclude>
    <ClInclude Include="..\..\game\shared\hl2\hl_movedata.h">
      <Filter>Source Files\HL2 DLL</Filter>
    </ClInclude>
    <ClInclude Include="hl2\info_darknessmode_lightsource.h">
      <Filter>Source Files\HL2 DLL</Filter>
    </ClInclude>
    <ClInclude Include="hl2\item_dynamic_resupply.h">
      <Filter>Source Files\HL2 DLL</Filter>
    </ClInclude>
    <ClInclude Include="..\..\game\shared\episodic\npc_advisor_shared.h">
      <Filter>Source Files\HL2 DLL</Filter>
    </ClInclude>
    <ClInclude Include="hl2\npc_alyx_episodic.h">
      <Filter>Source Files\HL2 DLL</Filter>
    </ClInclude>
    <ClInclude Include="hl2\npc_antlion.h">
      <Filter>Source Files\HL2 DLL</Filter>
    </ClInclude>
    <ClInclude Include="hl2\npc_attackchopper.h">
      <Filter>Source Files\HL2 DLL</Filter>
    </ClInclude>
    <ClInclude Include="hl2\npc_barnacle.h">
      <Filter>Source Files\HL2 DLL</Filter>
    </ClInclude>
    <ClInclude Include="hl2\npc_basescanner.h">
      <Filter>Source Files\HL2 DLL</Filter>
    </ClInclude>
    <ClInclude Include="hl2\npc_BaseZombie.h">
      <Filter>Source Files\HL2 DLL</Filter>
    </ClInclude>
    <ClInclude Include="hl2\npc_bullseye.h">
      <Filter>Source Files\HL2 DLL</Filter>
    </ClInclude>
    <ClInclude Include="hl2\npc_citizen17.h">
      <Filter>Source Files\HL2 DLL</Filter>
    </ClInclude>
    <ClInclude Include="hl2\npc_combine.h">
      <Filter>Source Files\HL2 DLL</Filter>
    </ClInclude>
    <ClInclude Include="hl2\npc_combines.h">
      <Filter>Source Files\HL2 DLL</Filter>
    </ClInclude>
    <ClInclude Include="hl2\npc_crow.h">
      <Filter>Source Files\HL2 DLL</Filter>
    </ClInclude>
    <ClInclude Include="hl2\npc_headcrab.h">
      <Filter>Source Files\HL2 DLL</Filter>
    </ClInclude>
    <ClInclude Include="episodic\npc_hunter.h">
      <Filter>Source Files\HL2 DLL</Filter>
    </ClInclude>
    <ClInclude Include="hl2\npc_manhack.h">
      <Filter>Source Files\HL2 DLL</Filter>
    </ClInclude>
    <ClInclude Include="hl2\npc_metropolice.h">
      <Filter>Source Files\HL2 DLL</Filter>
    </ClInclude>
    <ClInclude Include="hl2\npc_playercompanion.h">
      <Filter>Source Files\HL2 DLL</Filter>
    </ClInclude>
    <ClInclude Include="hl2\npc_rollermine.h">
      <Filter>Source Files\HL2 DLL</Filter>
    </ClInclude>
    <ClInclude Include="hl2\npc_scanner.h">
      <Filter>Source Files\HL2 DLL</Filter>
    </ClInclude>
    <ClInclude Include="hl2\npc_stalker.h">
      <Filter>Source Files\HL2 DLL</Filter>
    </ClInclude>
    <ClInclude Include="hl2\npc_strider.h">
      <Filter>Source Files\HL2 DLL</Filter>
    </ClInclude>
    <ClInclude Include="npc_talker.h">
      <Filter>Source Files\HL2 DLL</Filter>
    </ClInclude>
    <ClInclude Include="hl2\npc_vortigaunt_episodic.h">
      <Filter>Source Files\HL2 DLL</Filter>
    </ClInclude>
    <ClInclude Include="hl2\prop_combine_ball.h">
      <Filter>Source Files\HL2 DLL</Filter>
    </ClInclude>
    <ClInclude Include="hl2\rotorwash.h">
      <Filter>Source Files\HL2 DLL</Filter>
    </ClInclude>
    <ClInclude Include="hl2\script_intro.h">
      <Filter>Source Files\HL2 DLL</Filter>
    </ClInclude>
    <ClInclude Include="hl2\vehicle_apc.h">
      <Filter>Source Files\HL2 DLL</Filter>
    </ClInclude>
    <ClInclude Include="hl2\vehicle_crane.h">
      <Filter>Source Files\HL2 DLL</Filter>
    </ClInclude>
    <ClInclude Include="episodic\vehicle_jeep_episodic.h">
      <Filter>Source Files\HL2 DLL</Filter>
    </ClInclude>
    <ClInclude Include="hl2\weapon_alyxgun.h">
      <Filter>Source Files\HL2 DLL</Filter>
    </ClInclude>
    <ClInclude Include="hl2\weapon_ar2.h">
      <Filter>Source Files\HL2 DLL</Filter>
    </ClInclude>
    <ClInclude Include="hl2\weapon_citizenpackage.h">
      <Filter>Source Files\HL2 DLL</Filter>
    </ClInclude>
    <ClInclude Include="hl2\weapon_crowbar.h">
      <Filter>Source Files\HL2 DLL</Filter>
    </ClInclude>
    <ClInclude Include="hl2\weapon_physcannon.h">
      <Filter>Source Files\HL2 DLL</Filter>
    </ClInclude>
    <ClInclude Include="hl2\weapon_rpg.h">
      <Filter>Source Files\HL2 DLL</Filter>
    </ClInclude>
    <ClInclude Include="episodic\weapon_striderbuster.h">
      <Filter>Source Files\HL2 DLL</Filter>
    </ClInclude>
    <ClInclude Include="hl2\weapon_stunstick.h">
      <Filter>Source Files\HL2 DLL</Filter>
    </ClInclude>
    <ClInclude Include="hl2\grenade_beam.h">
      <Filter>Source Files\HL2 DLL\unused</Filter>
    </ClInclude>
    <ClInclude Include="hl2\grenade_homer.h">
      <Filter>Source Files\HL2 DLL\unused</Filter>
    </ClInclude>
    <ClInclude Include="hl2\grenade_pathfollower.h">
      <Filter>Source Files\HL2 DLL\unused</Filter>
    </ClInclude>
    <ClInclude Include="hl2\weapon_flaregun.h">
      <Filter>Source Files\HL2 DLL\unused</Filter>
    </ClInclude>
  </ItemGroup>
  <ItemGroup>
    <ClCompile Include="ai_eventresponse.cpp">
      <Filter>Source Files</Filter>
    </ClCompile>
    <ClCompile Include="ai_relationship.cpp">
      <Filter>Source Files</Filter>
    </ClCompile>
    <ClCompile Include="base_gameinterface.cpp">
      <Filter>Source Files</Filter>
    </ClCompile>
    <ClCompile Include="basegrenade_concussion.cpp">
      <Filter>Source Files</Filter>
    </ClCompile>
    <ClCompile Include="basegrenade_contact.cpp">
      <Filter>Source Files</Filter>
    </ClCompile>
    <ClCompile Include="basegrenade_timed.cpp">
      <Filter>Source Files</Filter>
    </ClCompile>
    <ClCompile Include="grenadethrown.cpp">
      <Filter>Source Files</Filter>
    </ClCompile>
    <ClCompile Include="h_cycler.cpp">
      <Filter>Source Files</Filter>
    </ClCompile>
    <ClCompile Include="logic_achievement.cpp">
      <Filter>Source Files</Filter>
    </ClCompile>
    <ClCompile Include="monstermaker.cpp">
      <Filter>Source Files</Filter>
    </ClCompile>
    <ClCompile Include="..\..\game\shared\hl2\survival_gamerules.cpp">
      <Filter>Source Files</Filter>
    </ClCompile>
    <ClCompile Include="team_spawnpoint.cpp">
      <Filter>Source Files</Filter>
    </ClCompile>
    <ClCompile Include="vehicle_choreo_generic.cpp">
      <Filter>Source Files</Filter>
    </ClCompile>
    <ClCompile Include="..\..\game\shared\weapon_parse_default.cpp">
      <Filter>Source Files</Filter>
    </ClCompile>
    <ClCompile Include="..\..\game\shared\episodic\achievements_ep1.cpp">
      <Filter>Source Files\HL2 DLL</Filter>
    </ClCompile>
    <ClCompile Include="..\..\game\shared\episodic\achievements_ep2.cpp">
      <Filter>Source Files\HL2 DLL</Filter>
    </ClCompile>
    <ClCompile Include="..\..\game\shared\episodic\achievements_epx.cpp">
      <Filter>Source Files\HL2 DLL</Filter>
    </ClCompile>
    <ClCompile Include="hl2\ai_allymanager.cpp">
      <Filter>Source Files\HL2 DLL</Filter>
    </ClCompile>
    <ClCompile Include="hl2\ai_behavior_actbusy.cpp">
      <Filter>Source Files\HL2 DLL</Filter>
    </ClCompile>
    <ClCompile Include="episodic\ai_behavior_alyx_injured.cpp">
      <Filter>Source Files\HL2 DLL</Filter>
    </ClCompile>
    <ClCompile Include="hl2\ai_behavior_functank.cpp">
      <Filter>Source Files\HL2 DLL</Filter>
    </ClCompile>
    <ClCompile Include="hl2\ai_behavior_holster.cpp">
      <Filter>Source Files\HL2 DLL</Filter>
    </ClCompile>
    <ClCompile Include="hl2\ai_behavior_operator.cpp">
      <Filter>Source Files\HL2 DLL</Filter>
    </ClCompile>
    <ClCompile Include="ai_behavior_passenger.cpp">
      <Filter>Source Files\HL2 DLL</Filter>
    </ClCompile>
    <ClCompile Include="episodic\ai_behavior_passenger_companion.cpp">
      <Filter>Source Files\HL2 DLL</Filter>
    </ClCompile>
    <ClCompile Include="episodic\ai_behavior_passenger_zombie.cpp">
      <Filter>Source Files\HL2 DLL</Filter>
    </ClCompile>
    <ClCompile Include="hl2\ai_behavior_police.cpp">
      <Filter>Source Files\HL2 DLL</Filter>
    </ClCompile>
    <ClCompile Include="hl2\ai_goal_police.cpp">
      <Filter>Source Files\HL2 DLL</Filter>
    </ClCompile>
    <ClCompile Include="hl2\ai_spotlight.cpp">
      <Filter>Source Files\HL2 DLL</Filter>
    </ClCompile>
    <ClCompile Include="hl2\antlion_dust.cpp">
      <Filter>Source Files\HL2 DLL</Filter>
    </ClCompile>
    <ClCompile Include="hl2\antlion_maker.cpp">
      <Filter>Source Files\HL2 DLL</Filter>
    </ClCompile>
    <ClCompile Include="hl2\ar2_explosion.cpp">
      <Filter>Source Files\HL2 DLL</Filter>
    </ClCompile>
    <ClCompile Include="basebludgeonweapon.cpp">
      <Filter>Source Files\HL2 DLL</Filter>
    </ClCompile>
    <ClCompile Include="hl2\basehlcombatweapon.cpp">
      <Filter>Source Files\HL2 DLL</Filter>
    </ClCompile>
    <ClCompile Include="..\..\game\shared\hl2\basehlcombatweapon_shared.cpp">
      <Filter>Source Files\HL2 DLL</Filter>
    </ClCompile>
    <ClCompile Include="hl2\cbasehelicopter.cpp">
      <Filter>Source Files\HL2 DLL</Filter>
    </ClCompile>
    <ClCompile Include="hl2\cbasespriteprojectile.cpp">
      <Filter>Source Files\HL2 DLL</Filter>
    </ClCompile>
    <ClCompile Include="hl2\citadel_effects.cpp">
      <Filter>Source Files\HL2 DLL</Filter>
    </ClCompile>
    <ClCompile Include="hl2\combine_mine.cpp">
      <Filter>Source Files\HL2 DLL</Filter>
    </ClCompile>
    <ClCompile Include="hl2\env_alyxemp.cpp">
      <Filter>Source Files\HL2 DLL</Filter>
    </ClCompile>
    <ClCompile Include="hl2\env_headcrabcanister.cpp">
      <Filter>Source Files\HL2 DLL</Filter>
    </ClCompile>
    <ClCompile Include="..\..\game\shared\hl2\env_headcrabcanister_shared.cpp">
      <Filter>Source Files\HL2 DLL</Filter>
    </ClCompile>
    <ClCompile Include="hl2\env_speaker.cpp">
      <Filter>Source Files\HL2 DLL</Filter>
    </ClCompile>
    <ClCompile Include="hl2\env_starfield.cpp">
      <Filter>Source Files\HL2 DLL</Filter>
    </ClCompile>
    <ClCompile Include="episodic\ep1_gamestats.cpp">
      <Filter>Source Files\HL2 DLL</Filter>
    </ClCompile>
    <ClCompile Include="episodic\ep2_gamestats.cpp">
      <Filter>Source Files\HL2 DLL</Filter>
    </ClCompile>
    <ClCompile Include="hl2\func_bulletshield.cpp">
      <Filter>Source Files\HL2 DLL</Filter>
    </ClCompile>
    <ClCompile Include="hl2\Func_Monitor.cpp">
      <Filter>Source Files\HL2 DLL</Filter>
    </ClCompile>
    <ClCompile Include="hl2\func_recharge.cpp">
      <Filter>Source Files\HL2 DLL</Filter>
    </ClCompile>
    <ClCompile Include="hl2\func_tank.cpp">
      <Filter>Source Files\HL2 DLL</Filter>
    </ClCompile>
    <ClCompile Include="hl2\grenade_ar2.cpp">
      <Filter>Source Files\HL2 DLL</Filter>
    </ClCompile>
    <ClCompile Include="hl2\grenade_bugbait.cpp">
      <Filter>Source Files\HL2 DLL</Filter>
    </ClCompile>
    <ClCompile Include="hl2\grenade_frag.cpp">
      <Filter>Source Files\HL2 DLL</Filter>
    </ClCompile>
    <ClCompile Include="hl2\grenade_spit.cpp">
      <Filter>Source Files\HL2 DLL</Filter>
    </ClCompile>
    <ClCompile Include="hl2\hl2_ai_network.cpp">
      <Filter>Source Files\HL2 DLL</Filter>
    </ClCompile>
    <ClCompile Include="hl2\hl2_client.cpp">
      <Filter>Source Files\HL2 DLL</Filter>
    </ClCompile>
    <ClCompile Include="hl2\hl2_eventlog.cpp">
      <Filter>Source Files\HL2 DLL</Filter>
    </ClCompile>
    <ClCompile Include="..\..\game\shared\hl2\hl2_gamerules.cpp">
      <Filter>Source Files\HL2 DLL</Filter>
    </ClCompile>
    <ClCompile Include="hl2\hl2_player.cpp">
      <Filter>Source Files\HL2 DLL</Filter>
    </ClCompile>
    <ClCompile Include="hl2\hl2_playerlocaldata.cpp">
      <Filter>Source Files\HL2 DLL</Filter>
    </ClCompile>
    <ClCompile Include="hl2\hl2_triggers.cpp">
      <Filter>Source Files\HL2 DLL</Filter>
    </ClCompile>
    <ClCompile Include="..\..\game\shared\hl2\hl2_usermessages.cpp">
      <Filter>Source Files\HL2 DLL</Filter>
    </ClCompile>
    <ClCompile Include="..\..\game\shared\hl2\hl_gamemovement.cpp">
      <Filter>Source Files\HL2 DLL</Filter>
    </ClCompile>
    <ClCompile Include="hl2\hl_playermove.cpp">
      <Filter>Source Files\HL2 DLL</Filter>
    </ClCompile>
    <ClCompile Include="hl2\info_darknessmode_lightsource.cpp">
      <Filter>Source Files\HL2 DLL</Filter>
    </ClCompile>
    <ClCompile Include="hl2\info_teleporter_countdown.cpp">
      <Filter>Source Files\HL2 DLL</Filter>
    </ClCompile>
    <ClCompile Include="hl2\item_ammo.cpp">
      <Filter>Source Files\HL2 DLL</Filter>
    </ClCompile>
    <ClCompile Include="hl2\item_battery.cpp">
      <Filter>Source Files\HL2 DLL</Filter>
    </ClCompile>
    <ClCompile Include="hl2\item_dynamic_resupply.cpp">
      <Filter>Source Files\HL2 DLL</Filter>
    </ClCompile>
    <ClCompile Include="hl2\item_healthkit.cpp">
      <Filter>Source Files\HL2 DLL</Filter>
    </ClCompile>
    <ClCompile Include="hl2\item_itemcrate.cpp">
      <Filter>Source Files\HL2 DLL</Filter>
    </ClCompile>
    <ClCompile Include="hl2\item_suit.cpp">
      <Filter>Source Files\HL2 DLL</Filter>
    </ClCompile>
    <ClCompile Include="hl2\look_door.cpp">
      <Filter>Source Files\HL2 DLL</Filter>
    </ClCompile>
    <ClCompile Include="hl2\monster_dummy.cpp">
      <Filter>Source Files\HL2 DLL</Filter>
    </ClCompile>
    <ClCompile Include="episodic\npc_advisor.cpp">
      <Filter>Source Files\HL2 DLL</Filter>
    </ClCompile>
    <ClCompile Include="hl2\npc_alyx_episodic.cpp">
      <Filter>Source Files\HL2 DLL</Filter>
    </ClCompile>
    <ClCompile Include="hl2\npc_antlion.cpp">
      <Filter>Source Files\HL2 DLL</Filter>
    </ClCompile>
    <ClCompile Include="hl2\npc_antliongrub.cpp">
      <Filter>Source Files\HL2 DLL</Filter>
    </ClCompile>
    <ClCompile Include="hl2\npc_antlionguard.cpp">
      <Filter>Source Files\HL2 DLL</Filter>
    </ClCompile>
    <ClCompile Include="hl2\npc_apcdriver.cpp">
      <Filter>Source Files\HL2 DLL</Filter>
    </ClCompile>
    <ClCompile Include="hl2\npc_attackchopper.cpp">
      <Filter>Source Files\HL2 DLL</Filter>
    </ClCompile>
    <ClCompile Include="hl2\npc_barnacle.cpp">
      <Filter>Source Files\HL2 DLL</Filter>
    </ClCompile>
    <ClCompile Include="hl2\npc_barney.cpp">
      <Filter>Source Files\HL2 DLL</Filter>
    </ClCompile>
    <ClCompile Include="hl2\npc_basescanner.cpp">
      <Filter>Source Files\HL2 DLL</Filter>
    </ClCompile>
    <ClCompile Include="hl2\npc_BaseZombie.cpp">
      <Filter>Source Files\HL2 DLL</Filter>
    </ClCompile>
    <ClCompile Include="hl2\npc_breen.cpp">
      <Filter>Source Files\HL2 DLL</Filter>
    </ClCompile>
    <ClCompile Include="hl2\npc_bullseye.cpp">
      <Filter>Source Files\HL2 DLL</Filter>
    </ClCompile>
    <ClCompile Include="hl2\npc_citizen17.cpp">
      <Filter>Source Files\HL2 DLL</Filter>
    </ClCompile>
    <ClCompile Include="hl2\npc_combine.cpp">
      <Filter>Source Files\HL2 DLL</Filter>
    </ClCompile>
    <ClCompile Include="episodic\npc_combine_cannon.cpp">
      <Filter>Source Files\HL2 DLL</Filter>
    </ClCompile>
    <ClCompile Include="hl2\npc_combinecamera.cpp">
      <Filter>Source Files\HL2 DLL</Filter>
    </ClCompile>
    <ClCompile Include="hl2\npc_combinedropship.cpp">
      <Filter>Source Files\HL2 DLL</Filter>
    </ClCompile>
    <ClCompile Include="hl2\npc_combinegunship.cpp">
      <Filter>Source Files\HL2 DLL</Filter>
    </ClCompile>
    <ClCompile Include="hl2\npc_combines.cpp">
      <Filter>Source Files\HL2 DLL</Filter>
    </ClCompile>
    <ClCompile Include="hl2\npc_cranedriver.cpp">
      <Filter>Source Files\HL2 DLL</Filter>
    </ClCompile>
    <ClCompile Include="hl2\npc_crow.cpp">
      <Filter>Source Files\HL2 DLL</Filter>
    </ClCompile>
    <ClCompile Include="hl2\npc_dog.cpp">
      <Filter>Source Files\HL2 DLL</Filter>
    </ClCompile>
    <ClCompile Include="hl2\npc_eli.cpp">
      <Filter>Source Files\HL2 DLL</Filter>
    </ClCompile>
    <ClCompile Include="hl2\npc_enemyfinder.cpp">
      <Filter>Source Files\HL2 DLL</Filter>
    </ClCompile>
    <ClCompile Include="hl2\npc_fastzombie.cpp">
      <Filter>Source Files\HL2 DLL</Filter>
    </ClCompile>
    <ClCompile Include="hl2\npc_fisherman.cpp">
      <Filter>Source Files\HL2 DLL</Filter>
    </ClCompile>
    <ClCompile Include="hl2\npc_gman.cpp">
      <Filter>Source Files\HL2 DLL</Filter>
    </ClCompile>
    <ClCompile Include="hl2\npc_headcrab.cpp">
      <Filter>Source Files\HL2 DLL</Filter>
    </ClCompile>
    <ClCompile Include="episodic\npc_hunter.cpp">
      <Filter>Source Files\HL2 DLL</Filter>
    </ClCompile>
    <ClCompile Include="hl2\npc_ichthyosaur.cpp">
      <Filter>Source Files\HL2 DLL</Filter>
    </ClCompile>
    <ClCompile Include="hl2\npc_kleiner.cpp">
      <Filter>Source Files\HL2 DLL</Filter>
    </ClCompile>
    <ClCompile Include="hl2\npc_launcher.cpp">
      <Filter>Source Files\HL2 DLL</Filter>
    </ClCompile>
    <ClCompile Include="episodic\npc_magnusson.cpp">
      <Filter>Source Files\HL2 DLL</Filter>
    </ClCompile>
    <ClCompile Include="hl2\npc_manhack.cpp">
      <Filter>Source Files\HL2 DLL</Filter>
    </ClCompile>
    <ClCompile Include="hl2\npc_metropolice.cpp">
      <Filter>Source Files\HL2 DLL</Filter>
    </ClCompile>
    <ClCompile Include="hl2\npc_monk.cpp">
      <Filter>Source Files\HL2 DLL</Filter>
    </ClCompile>
    <ClCompile Include="hl2\npc_mossman.cpp">
      <Filter>Source Files\HL2 DLL</Filter>
    </ClCompile>
    <ClCompile Include="hl2\npc_playercompanion.cpp">
      <Filter>Source Files\HL2 DLL</Filter>
    </ClCompile>
    <ClCompile Include="hl2\npc_PoisonZombie.cpp">
      <Filter>Source Files\HL2 DLL</Filter>
    </ClCompile>
    <ClCompile Include="episodic\npc_puppet.cpp">
      <Filter>Source Files\HL2 DLL</Filter>
    </ClCompile>
    <ClCompile Include="hl2\npc_rollermine.cpp">
      <Filter>Source Files\HL2 DLL</Filter>
    </ClCompile>
    <ClCompile Include="hl2\npc_scanner.cpp">
      <Filter>Source Files\HL2 DLL</Filter>
    </ClCompile>
    <ClCompile Include="hl2\npc_stalker.cpp">
      <Filter>Source Files\HL2 DLL</Filter>
    </ClCompile>
    <ClCompile Include="hl2\npc_strider.cpp">
      <Filter>Source Files\HL2 DLL</Filter>
    </ClCompile>
    <ClCompile Include="npc_talker.cpp">
      <Filter>Source Files\HL2 DLL</Filter>
    </ClCompile>
    <ClCompile Include="hl2\npc_turret_ceiling.cpp">
      <Filter>Source Files\HL2 DLL</Filter>
    </ClCompile>
    <ClCompile Include="hl2\npc_turret_floor.cpp">
      <Filter>Source Files\HL2 DLL</Filter>
    </ClCompile>
    <ClCompile Include="hl2\npc_turret_ground.cpp">
      <Filter>Source Files\HL2 DLL</Filter>
    </ClCompile>
    <ClCompile Include="hl2\npc_vortigaunt_episodic.cpp">
      <Filter>Source Files\HL2 DLL</Filter>
    </ClCompile>
    <ClCompile Include="hl2\npc_zombie.cpp">
      <Filter>Source Files\HL2 DLL</Filter>
    </ClCompile>
    <ClCompile Include="hl2\npc_zombine.cpp">
      <Filter>Source Files\HL2 DLL</Filter>
    </ClCompile>
    <ClCompile Include="hl2\point_apc_controller.cpp">
      <Filter>Source Files\HL2 DLL</Filter>
    </ClCompile>
    <ClCompile Include="hl2\prop_combine_ball.cpp">
      <Filter>Source Files\HL2 DLL</Filter>
    </ClCompile>
    <ClCompile Include="episodic\prop_scalable.cpp">
      <Filter>Source Files\HL2 DLL</Filter>
    </ClCompile>
    <ClCompile Include="hl2\prop_thumper.cpp">
      <Filter>Source Files\HL2 DLL</Filter>
    </ClCompile>
    <ClCompile Include="hl2\proto_sniper.cpp">
      <Filter>Source Files\HL2 DLL</Filter>
    </ClCompile>
    <ClCompile Include="hl2\rotorwash.cpp">
      <Filter>Source Files\HL2 DLL</Filter>
    </ClCompile>
    <ClCompile Include="hl2\script_intro.cpp">
      <Filter>Source Files\HL2 DLL</Filter>
    </ClCompile>
    <ClCompile Include="..\..\game\shared\script_intro_shared.cpp">
      <Filter>Source Files\HL2 DLL</Filter>
    </ClCompile>
    <ClCompile Include="hl2\vehicle_airboat.cpp">
      <Filter>Source Files\HL2 DLL</Filter>
    </ClCompile>
    <ClCompile Include="hl2\vehicle_cannon.cpp">
      <Filter>Source Files\HL2 DLL</Filter>
    </ClCompile>
    <ClCompile Include="hl2\vehicle_crane.cpp">
      <Filter>Source Files\HL2 DLL</Filter>
    </ClCompile>
    <ClCompile Include="hl2\vehicle_jeep.cpp">
      <Filter>Source Files\HL2 DLL</Filter>
    </ClCompile>
    <ClCompile Include="episodic\vehicle_jeep_episodic.cpp">
      <Filter>Source Files\HL2 DLL</Filter>
    </ClCompile>
    <ClCompile Include="hl2\vehicle_prisoner_pod.cpp">
      <Filter>Source Files\HL2 DLL</Filter>
    </ClCompile>
    <ClCompile Include="hl2\vehicle_viewcontroller.cpp">
      <Filter>Source Files\HL2 DLL</Filter>
    </ClCompile>
    <ClCompile Include="hl2\weapon_357.cpp">
      <Filter>Source Files\HL2 DLL</Filter>
    </ClCompile>
    <ClCompile Include="hl2\weapon_alyxgun.cpp">
      <Filter>Source Files\HL2 DLL</Filter>
    </ClCompile>
    <ClCompile Include="hl2\weapon_annabelle.cpp">
      <Filter>Source Files\HL2 DLL</Filter>
    </ClCompile>
    <ClCompile Include="hl2\weapon_ar2.cpp">
      <Filter>Source Files\HL2 DLL</Filter>
    </ClCompile>
    <ClCompile Include="hl2\weapon_bugbait.cpp">
      <Filter>Source Files\HL2 DLL</Filter>
    </ClCompile>
    <ClCompile Include="hl2\weapon_citizenpackage.cpp">
      <Filter>Source Files\HL2 DLL</Filter>
    </ClCompile>
    <ClCompile Include="hl2\weapon_crossbow.cpp">
      <Filter>Source Files\HL2 DLL</Filter>
    </ClCompile>
    <ClCompile Include="hl2\weapon_crowbar.cpp">
      <Filter>Source Files\HL2 DLL</Filter>
    </ClCompile>
    <ClCompile Include="weapon_cubemap.cpp">
      <Filter>Source Files\HL2 DLL</Filter>
    </ClCompile>
    <ClCompile Include="hl2\weapon_frag.cpp">
      <Filter>Source Files\HL2 DLL</Filter>
    </ClCompile>
    <ClCompile Include="hl2\weapon_physcannon.cpp">
      <Filter>Source Files\HL2 DLL</Filter>
    </ClCompile>
    <ClCompile Include="hl2\weapon_pistol.cpp">
      <Filter>Source Files\HL2 DLL</Filter>
    </ClCompile>
    <ClCompile Include="hl2\weapon_rpg.cpp">
      <Filter>Source Files\HL2 DLL</Filter>
    </ClCompile>
    <ClCompile Include="hl2\weapon_shotgun.cpp">
      <Filter>Source Files\HL2 DLL</Filter>
    </ClCompile>
    <ClCompile Include="hl2\weapon_smg1.cpp">
      <Filter>Source Files\HL2 DLL</Filter>
    </ClCompile>
    <ClCompile Include="episodic\weapon_striderbuster.cpp">
      <Filter>Source Files\HL2 DLL</Filter>
    </ClCompile>
    <ClCompile Include="hl2\weapon_stunstick.cpp">
      <Filter>Source Files\HL2 DLL</Filter>
    </ClCompile>
    <ClCompile Include="hl2\grenade_beam.cpp">
      <Filter>Source Files\HL2 DLL\unused</Filter>
    </ClCompile>
    <ClCompile Include="hl2\grenade_homer.cpp">
      <Filter>Source Files\HL2 DLL\unused</Filter>
    </ClCompile>
    <ClCompile Include="hl2\grenade_pathfollower.cpp">
      <Filter>Source Files\HL2 DLL\unused</Filter>
    </ClCompile>
    <ClCompile Include="hl2\npc_missiledefense.cpp">
      <Filter>Source Files\HL2 DLL\unused</Filter>
    </ClCompile>
    <ClCompile Include="hl2\vehicle_apc.cpp">
      <Filter>Source Files\HL2 DLL\unused</Filter>
    </ClCompile>
    <ClCompile Include="hl2\weapon_cguard.cpp">
      <Filter>Source Files\HL2 DLL\unused</Filter>
    </ClCompile>
    <ClCompile Include="hl2\weapon_flaregun.cpp">
      <Filter>Source Files\HL2 DLL\unused</Filter>
    </ClCompile>
  </ItemGroup>
  <ItemGroup>
  </ItemGroup>
  <ItemGroup>
    <CustomBuild Include="server_dr.vpc">
      <Filter>VPC Scripts</Filter>
    </CustomBuild>
  </ItemGroup>
  <ItemGroup>
  </ItemGroup>
</Project>
